# This file is automatically @generated by Cargo.
# It is not intended for manual editing.
version = 4

[[package]]
name = "RMesure"
version = "2.0.0"
source = "git+https://github.com/Gosharad1980/RMesure.git#99a29844d8a609e1e20cbc4aef4237873c6e5a99"

[[package]]
name = "RMesureTest"
version = "0.1.0"
dependencies = [
 "RMesure",
]
