# This file is automatically @generated by Cargo.
# It is not intended for manual editing.
version = 4

[[package]]
name = "RMesure"
version = "2.0.0"
source = "git+https://github.com/Gosharad1980/RMesure.git#11df667430b5083fc0029afa1103c344640e42b9"

[[package]]
name = "RMesureTest"
version = "0.1.0"
dependencies = [
 "RMesure",
]
