# This file is automatically @generated by Cargo.
# It is not intended for manual editing.
version = 4

[[package]]
name = "RMesure"
version = "2.0.0"
source = "git+https://github.com/Gosharad1980/RMesure.git#5994c738060deb4f9b59e1252b129ce1cd6c5fa6"

[[package]]
name = "RMesureTest"
version = "0.1.0"
dependencies = [
 "RMesure",
]
